
Microsoft Visual Studio Solution File, Format Version 12.00
# Visual Studio Version 17
VisualStudioVersion = 17.2.32616.157
MinimumVisualStudioVersion = 10.0.40219.1
Project("{FAE04EC0-301F-11D3-BF4B-00C04F79EFBC}") = "csharp-lista-indirizzi", "csharp-lista-indirizzi.csproj", "{EFC7123D-F25A-4E54-AD52-EC2ADB850A1D}"
EndProject
Global
	GlobalSection(SolutionConfigurationPlatforms) = preSolution
		Debug|Any CPU = Debug|Any CPU
		Release|Any CPU = Release|Any CPU
	EndGlobalSection
	GlobalSection(ProjectConfigurationPlatforms) = postSolution
		{EFC7123D-F25A-4E54-AD52-EC2ADB850A1D}.Debug|Any CPU.ActiveCfg = Debug|Any CPU
		{EFC7123D-F25A-4E54-AD52-EC2ADB850A1D}.Debug|Any CPU.Build.0 = Debug|Any CPU
		{EFC7123D-F25A-4E54-AD52-EC2ADB850A1D}.Release|Any CPU.ActiveCfg = Release|Any CPU
		{EFC7123D-F25A-4E54-AD52-EC2ADB850A1D}.Release|Any CPU.Build.0 = Release|Any CPU
	EndGlobalSection
	GlobalSection(SolutionProperties) = preSolution
		HideSolutionNode = FALSE
	EndGlobalSection
	GlobalSection(ExtensibilityGlobals) = postSolution
		SolutionGuid = {F2BBAF83-665C-4990-AE56-A18C224AE6E7}
	EndGlobalSection
EndGlobal
